#MicroXplorer Configuration settings - do not modify
#Tue Sep 02 21:08:39 EEST 2014
Dma.Request0=USART1_TX
Dma.RequestsNb=1
Dma.USART1_TX.0.DMA_Remap=HAL_REMAPDMA_USART1_TX_DMA_CH4
Dma.USART1_TX.0.Direction=DMA_MEMORY_TO_PERIPH
Dma.USART1_TX.0.Instance=DMA1_Channel4
Dma.USART1_TX.0.MemDataAlignment=DMA_MDATAALIGN_BYTE
Dma.USART1_TX.0.MemInc=DMA_MINC_DISABLE
Dma.USART1_TX.0.Mode=DMA_CIRCULAR
Dma.USART1_TX.0.PeriphDataAlignment=DMA_PDATAALIGN_BYTE
Dma.USART1_TX.0.PeriphInc=DMA_PINC_DISABLE
Dma.USART1_TX.0.Priority=DMA_PRIORITY_MEDIUM
Dma.USART1_TX.0.RequestParameters=Instance,Direction,PeriphInc,MemInc,PeriphDataAlignment,MemDataAlignment,Mode,Priority,DMA_Remap
File.Version=4
IWDG.IPParameters=Prescaler,Reload
IWDG.Prescaler=IWDG_PRESCALER_32
IWDG.Reload=500
KeepUserPlacement=false
Mcu.Family=STM32F0
Mcu.IP0=DMA
Mcu.IP1=IWDG
Mcu.IP2=NVIC
Mcu.IP3=RCC
Mcu.IP4=SPI1
Mcu.IP5=SYS
Mcu.IP6=USART1
Mcu.IPNb=7
Mcu.Name=STM32F030F4Px
Mcu.Package=TSSOP20
Mcu.Pin0=PF0-OSC_IN
Mcu.Pin1=PA2
Mcu.Pin10=VP_IWDG_VS_IWDG
Mcu.Pin2=PA3
Mcu.Pin3=PA5
Mcu.Pin4=PA6
Mcu.Pin5=PA7
Mcu.Pin6=PB1
Mcu.Pin7=PA9
Mcu.Pin8=PA13
Mcu.Pin9=PA14
Mcu.PinsNb=11
Mcu.UserName=STM32F030F4Px
NVIC.DMA1_Channel4_5_IRQn=true\:0\:0
NVIC.EXTI4_15_IRQn=true\:0\:0
NVIC.NonMaskableInt_IRQn=true\:0\:0
NVIC.SPI1_IRQn=true\:0\:0
NVIC.SysTick_IRQn=true\:0\:0
NVIC.USART1_IRQn=true\:0\:0
PA13.Mode=Serial-WireDebug
PA13.Signal=SYS_SWDIO
PA14.Mode=Serial-WireDebug
PA14.Signal=SYS_SWCLK
PA2.GPIOParameters=GPIO_Speed,GPIO_PuPd,GPIO_Mode
PA2.GPIO_Mode=GPIO_MODE_AF_PP
PA2.GPIO_PuPd=GPIO_NOPULL
PA2.GPIO_Speed=GPIO_SPEED_MEDIUM
PA2.Mode=Asynchronous
PA2.Signal=USART1_TX
PA3.GPIOParameters=GPIO_Speed,GPIO_PuPd,GPIO_Mode
PA3.GPIO_Mode=GPIO_MODE_AF_PP
PA3.GPIO_PuPd=GPIO_NOPULL
PA3.GPIO_Speed=GPIO_SPEED_MEDIUM
PA3.Mode=Asynchronous
PA3.Signal=USART1_RX
PA5.GPIOParameters=GPIO_Speed,GPIO_PuPd,GPIO_Mode
PA5.GPIO_Mode=GPIO_MODE_AF_PP
PA5.GPIO_PuPd=GPIO_NOPULL
PA5.GPIO_Speed=GPIO_SPEED_HIGH
PA5.Mode=Full_Duplex_Master
PA5.Signal=SPI1_SCK
PA6.GPIOParameters=GPIO_Speed,GPIO_PuPd,GPIO_Mode
PA6.GPIO_Mode=GPIO_MODE_AF_PP
PA6.GPIO_PuPd=GPIO_NOPULL
PA6.GPIO_Speed=GPIO_SPEED_HIGH
PA6.Mode=Full_Duplex_Master
PA6.Signal=SPI1_MISO
PA7.GPIOParameters=GPIO_Speed,GPIO_PuPd,GPIO_Mode
PA7.GPIO_Mode=GPIO_MODE_AF_PP
PA7.GPIO_PuPd=GPIO_NOPULL
PA7.GPIO_Speed=GPIO_SPEED_HIGH
PA7.Mode=Full_Duplex_Master
PA7.Signal=SPI1_MOSI
PA9.GPIOParameters=GPIO_Label,GPIO_ModeDefaultEXTI,GPIO_PuPd
PA9.GPIO_Label=nIRQ
PA9.GPIO_ModeDefaultEXTI=GPIO_MODE_EVT_FALLING
PA9.GPIO_PuPd=GPIO_NOPULL
PA9.Locked=true
PA9.Signal=GPXTI9
PB1.GPIOParameters=GPIO_Label,GPIO_ModeDefaultOutputPP,GPIO_Speed,GPIO_PuPd,GPIO_FMA9
PB1.GPIO_FMA9=__NULL
PB1.GPIO_Label=SS
PB1.GPIO_ModeDefaultOutputPP=GPIO_MODE_OUTPUT_PP
PB1.GPIO_PuPd=GPIO_PULLUP
PB1.GPIO_Speed=GPIO_SPEED_LOW
PB1.Locked=true
PB1.Signal=GPIO_Output
PCC.Battery=Li-SOCL2(AAA700)
PCC.Battery.Capacity=700.0
PCC.Battery.Compatibility=Yes
PCC.Battery.InParallel=1
PCC.Battery.InSeries=1
PCC.Battery.MaxContinuous=10.0
PCC.Battery.MaxPulseCurrent=30.0
PCC.Battery.NominalVoltage=3.6
PCC.Battery.SelfDischarge=0.08
PCC.Family=STM32F0
PCC.MCU=STM32F030F4Px
PCC.MXVersion=4.3.0
PCC.PartNumber=STM32F030F4Px
PCC.Seq0=0
PCC.SubFamily=STM32F030 Value Line
PCC.Temperature=25
PCC.Vdd=3.6
PF0-OSC_IN.Mode=HSE-External-Clock-Source
PF0-OSC_IN.Signal=RCC_OSC_IN
ProjectManager.AskForMigrate=true
ProjectManager.BackupPrevious=false
ProjectManager.CompilerOptimize=2
ProjectManager.ComputerToolchain=false
ProjectManager.CoupleFile=true
ProjectManager.DeletePrevious=true
ProjectManager.DeviceId=STM32F030F4Px
ProjectManager.FirmwarePackage=STM32Cube FW_F0 V1.0.0
ProjectManager.FreePins=true
ProjectManager.HalAssertFull=false
ProjectManager.KeepUserCode=true
ProjectManager.LastFirmware=true
ProjectManager.LibraryCopy=0
ProjectManager.ProjectBuild=false
ProjectManager.ProjectFileName=stm32f030_RC_decoder.ioc
ProjectManager.ProjectName=stm32f030_RC_decoder
ProjectManager.TargetToolchain=MDK-ARM 4.73
RCC.FamilyName=M
RCC.HSE_VALUE=4000000
RCC.IPParameters=,FamilyName,Usart1ClockSelection,SYSCLKSource,HSE_VALUE,PLLMUL
RCC.PLLMUL=RCC_PLL_MUL12
RCC.SYSCLKSource=RCC_SYSCLKSOURCE_PLLCLK
RCC.Usart1ClockSelection=RCC_USART1CLKSOURCE_SYSCLK
SH.GPXTI9.0=GPIO_EXTI9
SH.GPXTI9.ConfNb=1
SPI1.BaudRatePrescaler-Full_Duplex_Master=SPI_BAUDRATEPRESCALER_8
SPI1.DataSize-Full_Duplex_Master=SPI_DATASIZE_16BIT
SPI1.IPParameters=BaudRatePrescaler-Full_Duplex_Master,Mode-Full_Duplex_Master,DataSize-Full_Duplex_Master
SPI1.Mode-Full_Duplex_Master=SPI_MODE_MASTER
USART1.BaudRate-Asynchronous=100000
USART1.IPParameters=Parity-Asynchronous,MSBFirstParam-Asynchronous,BaudRate-Asynchronous,StopBits-Asynchronous,WordLength-Asynchronous
USART1.MSBFirstParam-Asynchronous=UART_ADVFEATURE_MSBFIRST_ENABLE
USART1.Parity-Asynchronous=UART_PARITY_EVEN
USART1.StopBits-Asynchronous=UART_STOPBITS_2
USART1.WordLength-Asynchronous=UART_WORDLENGTH_9B
VP_IWDG_VS_IWDG.Mode=IWDG_Activate
VP_IWDG_VS_IWDG.Signal=IWDG_VS_IWDG
